
Microsoft Visual Studio Solution File, Format Version 12.00
# Visual Studio 14
VisualStudioVersion = 14.0.25123.0
MinimumVisualStudioVersion = 10.0.40219.1
Project("{FAE04EC0-301F-11D3-BF4B-00C04F79EFBC}") = "MyWCFLib", "MyWCFLib\MyWCFLib.csproj", "{FE90DD72-17C8-480D-AC05-423983860156}"
EndProject
Project("{FAE04EC0-301F-11D3-BF4B-00C04F79EFBC}") = "WpfApp", "WpfApp\WpfApp.csproj", "{1FE2A666-81BF-45EE-AA37-4664E2B197A7}"
EndProject
Global
	GlobalSection(SolutionConfigurationPlatforms) = preSolution
		Debug|Any CPU = Debug|Any CPU
		Release|Any CPU = Release|Any CPU
	EndGlobalSection
	GlobalSection(ProjectConfigurationPlatforms) = postSolution
		{FE90DD72-17C8-480D-AC05-423983860156}.Debug|Any CPU.ActiveCfg = Debug|Any CPU
		{FE90DD72-17C8-480D-AC05-423983860156}.Debug|Any CPU.Build.0 = Debug|Any CPU
		{FE90DD72-17C8-480D-AC05-423983860156}.Release|Any CPU.ActiveCfg = Release|Any CPU
		{FE90DD72-17C8-480D-AC05-423983860156}.Release|Any CPU.Build.0 = Release|Any CPU
		{1FE2A666-81BF-45EE-AA37-4664E2B197A7}.Debug|Any CPU.ActiveCfg = Debug|Any CPU
		{1FE2A666-81BF-45EE-AA37-4664E2B197A7}.Debug|Any CPU.Build.0 = Debug|Any CPU
		{1FE2A666-81BF-45EE-AA37-4664E2B197A7}.Release|Any CPU.ActiveCfg = Release|Any CPU
		{1FE2A666-81BF-45EE-AA37-4664E2B197A7}.Release|Any CPU.Build.0 = Release|Any CPU
	EndGlobalSection
	GlobalSection(SolutionProperties) = preSolution
		HideSolutionNode = FALSE
	EndGlobalSection
EndGlobal
